
Microsoft Visual Studio Solution File, Format Version 12.00
# Visual Studio 15
VisualStudioVersion = 15.0.27130.2027
MinimumVisualStudioVersion = 10.0.40219.1
Project("{FAE04EC0-301F-11D3-BF4B-00C04F79EFBC}") = "WpfApp1", "WpfApp1\WpfApp1.csproj", "{C8C5DF4F-3F95-41F7-960B-BF6068A3D1CA}"
EndProject
Global
	GlobalSection(SolutionConfigurationPlatforms) = preSolution
		Debug|Any CPU = Debug|Any CPU
		Release|Any CPU = Release|Any CPU
	EndGlobalSection
	GlobalSection(ProjectConfigurationPlatforms) = postSolution
		{C8C5DF4F-3F95-41F7-960B-BF6068A3D1CA}.Debug|Any CPU.ActiveCfg = Debug|Any CPU
		{C8C5DF4F-3F95-41F7-960B-BF6068A3D1CA}.Debug|Any CPU.Build.0 = Debug|Any CPU
		{C8C5DF4F-3F95-41F7-960B-BF6068A3D1CA}.Release|Any CPU.ActiveCfg = Release|Any CPU
		{C8C5DF4F-3F95-41F7-960B-BF6068A3D1CA}.Release|Any CPU.Build.0 = Release|Any CPU
	EndGlobalSection
	GlobalSection(SolutionProperties) = preSolution
		HideSolutionNode = FALSE
	EndGlobalSection
	GlobalSection(ExtensibilityGlobals) = postSolution
		SolutionGuid = {BDFC905D-E7E3-485D-992B-967457A0FA66}
	EndGlobalSection
EndGlobal
